
Microsoft Visual Studio Solution File, Format Version 12.00
# Visual Studio 2013
VisualStudioVersion = 12.0.31101.0
MinimumVisualStudioVersion = 10.0.40219.1
Project("{FAE04EC0-301F-11D3-BF4B-00C04F79EFBC}") = "ColorManagementSample", "ColorManagementSample\ColorManagementSample.csproj", "{442403C9-19B3-447D-8774-905636FE2F01}"
EndProject
Global
	GlobalSection(SolutionConfigurationPlatforms) = preSolution
		Debug|x86 = Debug|x86
		Release|x86 = Release|x86
	EndGlobalSection
	GlobalSection(ProjectConfigurationPlatforms) = postSolution
		{442403C9-19B3-447D-8774-905636FE2F01}.Debug|x86.ActiveCfg = Debug|x86
		{442403C9-19B3-447D-8774-905636FE2F01}.Debug|x86.Build.0 = Debug|x86
		{442403C9-19B3-447D-8774-905636FE2F01}.Release|x86.ActiveCfg = Release|x86
		{442403C9-19B3-447D-8774-905636FE2F01}.Release|x86.Build.0 = Release|x86
	EndGlobalSection
	GlobalSection(SolutionProperties) = preSolution
		HideSolutionNode = FALSE
	EndGlobalSection
EndGlobal
